{
  "name": "doc-from-template",
  "lockfileVersion": 3,
  "requires": true,
  "packages": {
    "": {
      "dependencies": {
        "preact": "^10.26.5"
      }
    },
    "node_modules/preact": {
      "version": "10.26.5",
      "resolved": "https://registry.npmjs.org/preact/-/preact-10.26.5.tgz",
      "integrity": "sha512-fmpDkgfGU6JYux9teDWLhj9mKN55tyepwYbxHgQuIxbWQzgFg5vk7Mrrtfx7xRxq798ynkY4DDDxZr235Kk+4w==",
      "funding": {
        "type": "opencollective",
        "url": "https://opencollective.com/preact"
      }
    }
  }
}
